// !$*UTF8*$!
{
	archiveVersion = 1;
	classes = {
	};
	objectVersion = 46;
	objects = {

/* Begin PBXAggregateTarget section */
		"Timepiece::TimepiecePackageTests::ProductTarget" /* TimepiecePackageTests */ = {
			isa = PBXAggregateTarget;
			buildConfigurationList = OBJ_41 /* Build configuration list for PBXAggregateTarget "TimepiecePackageTests" */;
			buildPhases = (
			);
			dependencies = (
				OBJ_44 /* PBXTargetDependency */,
			);
			name = TimepiecePackageTests;
			productName = TimepiecePackageTests;
		};
/* End PBXAggregateTarget section */

/* Begin PBXBuildFile section */
		OBJ_28 /* Date+Timepiece.swift in Sources */ = {isa = PBXBuildFile; fileRef = OBJ_8 /* Date+Timepiece.swift */; };
		OBJ_29 /* DateComponents+Timepiece.swift in Sources */ = {isa = PBXBuildFile; fileRef = OBJ_9 /* DateComponents+Timepiece.swift */; };
		OBJ_30 /* Double+Timepiece.swift in Sources */ = {isa = PBXBuildFile; fileRef = OBJ_10 /* Double+Timepiece.swift */; };
		OBJ_31 /* Int+Timepiece.swift in Sources */ = {isa = PBXBuildFile; fileRef = OBJ_11 /* Int+Timepiece.swift */; };
		OBJ_32 /* String+Timepiece.swift in Sources */ = {isa = PBXBuildFile; fileRef = OBJ_12 /* String+Timepiece.swift */; };
		OBJ_39 /* Package.swift in Sources */ = {isa = PBXBuildFile; fileRef = OBJ_6 /* Package.swift */; };
		OBJ_50 /* Date+TimepieceTests.swift in Sources */ = {isa = PBXBuildFile; fileRef = OBJ_15 /* Date+TimepieceTests.swift */; };
		OBJ_51 /* DateComponents+TimepieceTests.swift in Sources */ = {isa = PBXBuildFile; fileRef = OBJ_16 /* DateComponents+TimepieceTests.swift */; };
		OBJ_52 /* Int+TimepieceTests.swift in Sources */ = {isa = PBXBuildFile; fileRef = OBJ_17 /* Int+TimepieceTests.swift */; };
		OBJ_53 /* String+TimepieceTests.swift in Sources */ = {isa = PBXBuildFile; fileRef = OBJ_18 /* String+TimepieceTests.swift */; };
		OBJ_55 /* Timepiece.framework in Frameworks */ = {isa = PBXBuildFile; fileRef = "Timepiece::Timepiece::Product" /* Timepiece.framework */; };
/* End PBXBuildFile section */

/* Begin PBXContainerItemProxy section */
		0FA97B2A21808243008F5A01 /* PBXContainerItemProxy */ = {
			isa = PBXContainerItemProxy;
			containerPortal = OBJ_1 /* Project object */;
			proxyType = 1;
			remoteGlobalIDString = "Timepiece::Timepiece";
			remoteInfo = Timepiece;
		};
		0FA97B2B21808243008F5A01 /* PBXContainerItemProxy */ = {
			isa = PBXContainerItemProxy;
			containerPortal = OBJ_1 /* Project object */;
			proxyType = 1;
			remoteGlobalIDString = "Timepiece::TimepieceTests";
			remoteInfo = TimepieceTests;
		};
/* End PBXContainerItemProxy section */

/* Begin PBXFileReference section */
		OBJ_10 /* Double+Timepiece.swift */ = {isa = PBXFileReference; lastKnownFileType = sourcecode.swift; path = "Double+Timepiece.swift"; sourceTree = "<group>"; };
		OBJ_11 /* Int+Timepiece.swift */ = {isa = PBXFileReference; lastKnownFileType = sourcecode.swift; path = "Int+Timepiece.swift"; sourceTree = "<group>"; };
		OBJ_12 /* String+Timepiece.swift */ = {isa = PBXFileReference; lastKnownFileType = sourcecode.swift; path = "String+Timepiece.swift"; sourceTree = "<group>"; };
		OBJ_15 /* Date+TimepieceTests.swift */ = {isa = PBXFileReference; lastKnownFileType = sourcecode.swift; path = "Date+TimepieceTests.swift"; sourceTree = "<group>"; };
		OBJ_16 /* DateComponents+TimepieceTests.swift */ = {isa = PBXFileReference; lastKnownFileType = sourcecode.swift; path = "DateComponents+TimepieceTests.swift"; sourceTree = "<group>"; };
		OBJ_17 /* Int+TimepieceTests.swift */ = {isa = PBXFileReference; lastKnownFileType = sourcecode.swift; path = "Int+TimepieceTests.swift"; sourceTree = "<group>"; };
		OBJ_18 /* String+TimepieceTests.swift */ = {isa = PBXFileReference; lastKnownFileType = sourcecode.swift; path = "String+TimepieceTests.swift"; sourceTree = "<group>"; };
		OBJ_19 /* Timepiece.xcworkspace */ = {isa = PBXFileReference; lastKnownFileType = wrapper.workspace; path = Timepiece.xcworkspace; sourceTree = SOURCE_ROOT; };
		OBJ_6 /* Package.swift */ = {isa = PBXFileReference; explicitFileType = sourcecode.swift; path = Package.swift; sourceTree = "<group>"; };
		OBJ_8 /* Date+Timepiece.swift */ = {isa = PBXFileReference; lastKnownFileType = sourcecode.swift; path = "Date+Timepiece.swift"; sourceTree = "<group>"; };
		OBJ_9 /* DateComponents+Timepiece.swift */ = {isa = PBXFileReference; lastKnownFileType = sourcecode.swift; path = "DateComponents+Timepiece.swift"; sourceTree = "<group>"; };
		"Timepiece::Timepiece::Product" /* Timepiece.framework */ = {isa = PBXFileReference; explicitFileType = wrapper.framework; path = Timepiece.framework; sourceTree = BUILT_PRODUCTS_DIR; };
		"Timepiece::TimepieceTests::Product" /* TimepieceTests.xctest */ = {isa = PBXFileReference; explicitFileType = wrapper.cfbundle; path = TimepieceTests.xctest; sourceTree = BUILT_PRODUCTS_DIR; };
/* End PBXFileReference section */

/* Begin PBXFrameworksBuildPhase section */
		OBJ_33 /* Frameworks */ = {
			isa = PBXFrameworksBuildPhase;
			buildActionMask = 0;
			files = (
			);
			runOnlyForDeploymentPostprocessing = 0;
		};
		OBJ_54 /* Frameworks */ = {
			isa = PBXFrameworksBuildPhase;
			buildActionMask = 0;
			files = (
				OBJ_55 /* Timepiece.framework in Frameworks */,
			);
			runOnlyForDeploymentPostprocessing = 0;
		};
/* End PBXFrameworksBuildPhase section */

/* Begin PBXGroup section */
		OBJ_13 /* Tests */ = {
			isa = PBXGroup;
			children = (
				OBJ_14 /* TimepieceTests */,
			);
			name = Tests;
			sourceTree = SOURCE_ROOT;
		};
		OBJ_14 /* TimepieceTests */ = {
			isa = PBXGroup;
			children = (
				OBJ_15 /* Date+TimepieceTests.swift */,
				OBJ_16 /* DateComponents+TimepieceTests.swift */,
				OBJ_17 /* Int+TimepieceTests.swift */,
				OBJ_18 /* String+TimepieceTests.swift */,
			);
			name = TimepieceTests;
			path = Tests/TimepieceTests;
			sourceTree = SOURCE_ROOT;
		};
		OBJ_20 /* Products */ = {
			isa = PBXGroup;
			children = (
				"Timepiece::Timepiece::Product" /* Timepiece.framework */,
				"Timepiece::TimepieceTests::Product" /* TimepieceTests.xctest */,
			);
			name = Products;
			sourceTree = BUILT_PRODUCTS_DIR;
		};
		OBJ_5 /*  */ = {
			isa = PBXGroup;
			children = (
				OBJ_6 /* Package.swift */,
				OBJ_7 /* Sources */,
				OBJ_13 /* Tests */,
				OBJ_19 /* Timepiece.xcworkspace */,
				OBJ_20 /* Products */,
			);
			name = "";
			sourceTree = "<group>";
		};
		OBJ_7 /* Sources */ = {
			isa = PBXGroup;
			children = (
				OBJ_8 /* Date+Timepiece.swift */,
				OBJ_9 /* DateComponents+Timepiece.swift */,
				OBJ_10 /* Double+Timepiece.swift */,
				OBJ_11 /* Int+Timepiece.swift */,
				OBJ_12 /* String+Timepiece.swift */,
			);
			path = Sources;
			sourceTree = SOURCE_ROOT;
		};
/* End PBXGroup section */

/* Begin PBXNativeTarget section */
		"Timepiece::SwiftPMPackageDescription" /* TimepiecePackageDescription */ = {
			isa = PBXNativeTarget;
			buildConfigurationList = OBJ_35 /* Build configuration list for PBXNativeTarget "TimepiecePackageDescription" */;
			buildPhases = (
				OBJ_38 /* Sources */,
			);
			buildRules = (
			);
			dependencies = (
			);
			name = TimepiecePackageDescription;
			productName = TimepiecePackageDescription;
			productType = "com.apple.product-type.framework";
		};
		"Timepiece::Timepiece" /* Timepiece */ = {
			isa = PBXNativeTarget;
			buildConfigurationList = OBJ_24 /* Build configuration list for PBXNativeTarget "Timepiece" */;
			buildPhases = (
				OBJ_27 /* Sources */,
				OBJ_33 /* Frameworks */,
			);
			buildRules = (
			);
			dependencies = (
			);
			name = Timepiece;
			productName = Timepiece;
			productReference = "Timepiece::Timepiece::Product" /* Timepiece.framework */;
			productType = "com.apple.product-type.framework";
		};
		"Timepiece::TimepieceTests" /* TimepieceTests */ = {
			isa = PBXNativeTarget;
			buildConfigurationList = OBJ_46 /* Build configuration list for PBXNativeTarget "TimepieceTests" */;
			buildPhases = (
				OBJ_49 /* Sources */,
				OBJ_54 /* Frameworks */,
			);
			buildRules = (
			);
			dependencies = (
				OBJ_56 /* PBXTargetDependency */,
			);
			name = TimepieceTests;
			productName = TimepieceTests;
			productReference = "Timepiece::TimepieceTests::Product" /* TimepieceTests.xctest */;
			productType = "com.apple.product-type.bundle.unit-test";
		};
/* End PBXNativeTarget section */

/* Begin PBXProject section */
		OBJ_1 /* Project object */ = {
			isa = PBXProject;
			attributes = {
				LastUpgradeCheck = 9999;
				TargetAttributes = {
					"Timepiece::Timepiece" = {
						LastSwiftMigration = 1000;
					};
					"Timepiece::TimepieceTests" = {
						LastSwiftMigration = 1000;
					};
				};
			};
			buildConfigurationList = OBJ_2 /* Build configuration list for PBXProject "Timepiece" */;
			compatibilityVersion = "Xcode 3.2";
			developmentRegion = English;
			hasScannedForEncodings = 0;
			knownRegions = (
				en,
			);
			mainGroup = OBJ_5 /*  */;
			productRefGroup = OBJ_20 /* Products */;
			projectDirPath = "";
			projectRoot = "";
			targets = (
				"Timepiece::Timepiece" /* Timepiece */,
				"Timepiece::SwiftPMPackageDescription" /* TimepiecePackageDescription */,
				"Timepiece::TimepiecePackageTests::ProductTarget" /* TimepiecePackageTests */,
				"Timepiece::TimepieceTests" /* TimepieceTests */,
			);
		};
/* End PBXProject section */

/* Begin PBXSourcesBuildPhase section */
		OBJ_27 /* Sources */ = {
			isa = PBXSourcesBuildPhase;
			buildActionMask = 0;
			files = (
				OBJ_28 /* Date+Timepiece.swift in Sources */,
				OBJ_29 /* DateComponents+Timepiece.swift in Sources */,
				OBJ_30 /* Double+Timepiece.swift in Sources */,
				OBJ_31 /* Int+Timepiece.swift in Sources */,
				OBJ_32 /* String+Timepiece.swift in Sources */,
			);
			runOnlyForDeploymentPostprocessing = 0;
		};
		OBJ_38 /* Sources */ = {
			isa = PBXSourcesBuildPhase;
			buildActionMask = 0;
			files = (
				OBJ_39 /* Package.swift in Sources */,
			);
			runOnlyForDeploymentPostprocessing = 0;
		};
		OBJ_49 /* Sources */ = {
			isa = PBXSourcesBuildPhase;
			buildActionMask = 0;
			files = (
				OBJ_50 /* Date+TimepieceTests.swift in Sources */,
				OBJ_51 /* DateComponents+TimepieceTests.swift in Sources */,
				OBJ_52 /* Int+TimepieceTests.swift in Sources */,
				OBJ_53 /* String+TimepieceTests.swift in Sources */,
			);
			runOnlyForDeploymentPostprocessing = 0;
		};
/* End PBXSourcesBuildPhase section */

/* Begin PBXTargetDependency section */
		OBJ_44 /* PBXTargetDependency */ = {
			isa = PBXTargetDependency;
			target = "Timepiece::TimepieceTests" /* TimepieceTests */;
			targetProxy = 0FA97B2B21808243008F5A01 /* PBXContainerItemProxy */;
		};
		OBJ_56 /* PBXTargetDependency */ = {
			isa = PBXTargetDependency;
			target = "Timepiece::Timepiece" /* Timepiece */;
			targetProxy = 0FA97B2A21808243008F5A01 /* PBXContainerItemProxy */;
		};
/* End PBXTargetDependency section */

/* Begin XCBuildConfiguration section */
		OBJ_25 /* Debug */ = {
			isa = XCBuildConfiguration;
			buildSettings = {
				ENABLE_TESTABILITY = YES;
				FRAMEWORK_SEARCH_PATHS = (
					"$(inherited)",
					"$(PLATFORM_DIR)/Developer/Library/Frameworks",
				);
				HEADER_SEARCH_PATHS = "$(inherited)";
				INFOPLIST_FILE = Timepiece.xcodeproj/Timepiece_Info.plist;
				LD_RUNPATH_SEARCH_PATHS = "$(inherited) $(TOOLCHAIN_DIR)/usr/lib/swift/macosx";
				OTHER_CFLAGS = "$(inherited)";
				OTHER_LDFLAGS = "$(inherited)";
				OTHER_SWIFT_FLAGS = "$(inherited)";
				PRODUCT_BUNDLE_IDENTIFIER = Timepiece;
				PRODUCT_MODULE_NAME = "$(TARGET_NAME:c99extidentifier)";
				PRODUCT_NAME = "$(TARGET_NAME:c99extidentifier)";
				SKIP_INSTALL = YES;
				SWIFT_ACTIVE_COMPILATION_CONDITIONS = "$(inherited)";
				SWIFT_SWIFT3_OBJC_INFERENCE = Default;
				SWIFT_VERSION = 4.2;
				TARGET_NAME = Timepiece;
			};
			name = Debug;
		};
		OBJ_26 /* Release */ = {
			isa = XCBuildConfiguration;
			buildSettings = {
				ENABLE_TESTABILITY = YES;
				FRAMEWORK_SEARCH_PATHS = (
					"$(inherited)",
					"$(PLATFORM_DIR)/Developer/Library/Frameworks",
				);
				HEADER_SEARCH_PATHS = "$(inherited)";
				INFOPLIST_FILE = Timepiece.xcodeproj/Timepiece_Info.plist;
				LD_RUNPATH_SEARCH_PATHS = "$(inherited) $(TOOLCHAIN_DIR)/usr/lib/swift/macosx";
				OTHER_CFLAGS = "$(inherited)";
				OTHER_LDFLAGS = "$(inherited)";
				OTHER_SWIFT_FLAGS = "$(inherited)";
				PRODUCT_BUNDLE_IDENTIFIER = Timepiece;
				PRODUCT_MODULE_NAME = "$(TARGET_NAME:c99extidentifier)";
				PRODUCT_NAME = "$(TARGET_NAME:c99extidentifier)";
				SKIP_INSTALL = YES;
				SWIFT_ACTIVE_COMPILATION_CONDITIONS = "$(inherited)";
				SWIFT_SWIFT3_OBJC_INFERENCE = Default;
				SWIFT_VERSION = 4.2;
				TARGET_NAME = Timepiece;
			};
			name = Release;
		};
		OBJ_3 /* Debug */ = {
			isa = XCBuildConfiguration;
			buildSettings = {
				CLANG_ENABLE_OBJC_ARC = YES;
				COMBINE_HIDPI_IMAGES = YES;
				COPY_PHASE_STRIP = NO;
				DEBUG_INFORMATION_FORMAT = dwarf;
				DYLIB_INSTALL_NAME_BASE = "@rpath";
				ENABLE_NS_ASSERTIONS = YES;
				GCC_OPTIMIZATION_LEVEL = 0;
				GCC_PREPROCESSOR_DEFINITIONS = (
					"DEBUG=1",
					"$(inherited)",
				);
				MACOSX_DEPLOYMENT_TARGET = 10.10;
				ONLY_ACTIVE_ARCH = YES;
				OTHER_SWIFT_FLAGS = "-DXcode";
				PRODUCT_NAME = "$(TARGET_NAME)";
				SDKROOT = macosx;
				SUPPORTED_PLATFORMS = "macosx iphoneos iphonesimulator appletvos appletvsimulator watchos watchsimulator";
				SWIFT_ACTIVE_COMPILATION_CONDITIONS = "SWIFT_PACKAGE DEBUG";
				SWIFT_OPTIMIZATION_LEVEL = "-Onone";
				SWIFT_SWIFT3_OBJC_INFERENCE = Default;
				USE_HEADERMAP = NO;
			};
			name = Debug;
		};
		OBJ_36 /* Debug */ = {
			isa = XCBuildConfiguration;
			buildSettings = {
				LD = /usr/bin/true;
				OTHER_SWIFT_FLAGS = "-swift-version 3 -I $(TOOLCHAIN_DIR)/usr/lib/swift/pm/3 -target x86_64-apple-macosx10.10 -sdk /Applications/Xcode.app/Contents/Developer/Platforms/MacOSX.platform/Developer/SDKs/MacOSX10.14.sdk";
				SWIFT_VERSION = 3.0;
			};
			name = Debug;
		};
		OBJ_37 /* Release */ = {
			isa = XCBuildConfiguration;
			buildSettings = {
				LD = /usr/bin/true;
				OTHER_SWIFT_FLAGS = "-swift-version 3 -I $(TOOLCHAIN_DIR)/usr/lib/swift/pm/3 -target x86_64-apple-macosx10.10 -sdk /Applications/Xcode.app/Contents/Developer/Platforms/MacOSX.platform/Developer/SDKs/MacOSX10.14.sdk";
				SWIFT_VERSION = 3.0;
			};
			name = Release;
		};
		OBJ_4 /* Release */ = {
			isa = XCBuildConfiguration;
			buildSettings = {
				CLANG_ENABLE_OBJC_ARC = YES;
				COMBINE_HIDPI_IMAGES = YES;
				COPY_PHASE_STRIP = YES;
				DEBUG_INFORMATION_FORMAT = "dwarf-with-dsym";
				DYLIB_INSTALL_NAME_BASE = "@rpath";
				GCC_OPTIMIZATION_LEVEL = s;
				MACOSX_DEPLOYMENT_TARGET = 10.10;
				OTHER_SWIFT_FLAGS = "-DXcode";
				PRODUCT_NAME = "$(TARGET_NAME)";
				SDKROOT = macosx;
				SUPPORTED_PLATFORMS = "macosx iphoneos iphonesimulator appletvos appletvsimulator watchos watchsimulator";
				SWIFT_ACTIVE_COMPILATION_CONDITIONS = SWIFT_PACKAGE;
				SWIFT_OPTIMIZATION_LEVEL = "-Owholemodule";
				SWIFT_SWIFT3_OBJC_INFERENCE = Default;
				USE_HEADERMAP = NO;
			};
			name = Release;
		};
		OBJ_42 /* Debug */ = {
			isa = XCBuildConfiguration;
			buildSettings = {
			};
			name = Debug;
		};
		OBJ_43 /* Release */ = {
			isa = XCBuildConfiguration;
			buildSettings = {
			};
			name = Release;
		};
		OBJ_47 /* Debug */ = {
			isa = XCBuildConfiguration;
			buildSettings = {
				CLANG_ENABLE_MODULES = YES;
				EMBEDDED_CONTENT_CONTAINS_SWIFT = YES;
				FRAMEWORK_SEARCH_PATHS = (
					"$(inherited)",
					"$(PLATFORM_DIR)/Developer/Library/Frameworks",
				);
				HEADER_SEARCH_PATHS = "$(inherited)";
				INFOPLIST_FILE = Timepiece.xcodeproj/TimepieceTests_Info.plist;
				LD_RUNPATH_SEARCH_PATHS = "$(inherited) @loader_path/../Frameworks @loader_path/Frameworks";
				OTHER_CFLAGS = "$(inherited)";
				OTHER_LDFLAGS = "$(inherited)";
				OTHER_SWIFT_FLAGS = "$(inherited)";
				SWIFT_ACTIVE_COMPILATION_CONDITIONS = "$(inherited)";
				SWIFT_SWIFT3_OBJC_INFERENCE = Default;
				SWIFT_VERSION = 4.2;
				TARGET_NAME = TimepieceTests;
			};
			name = Debug;
		};
		OBJ_48 /* Release */ = {
			isa = XCBuildConfiguration;
			buildSettings = {
				CLANG_ENABLE_MODULES = YES;
				EMBEDDED_CONTENT_CONTAINS_SWIFT = YES;
				FRAMEWORK_SEARCH_PATHS = (
					"$(inherited)",
					"$(PLATFORM_DIR)/Developer/Library/Frameworks",
				);
				HEADER_SEARCH_PATHS = "$(inherited)";
				INFOPLIST_FILE = Timepiece.xcodeproj/TimepieceTests_Info.plist;
				LD_RUNPATH_SEARCH_PATHS = "$(inherited) @loader_path/../Frameworks @loader_path/Frameworks";
				OTHER_CFLAGS = "$(inherited)";
				OTHER_LDFLAGS = "$(inherited)";
				OTHER_SWIFT_FLAGS = "$(inherited)";
				SWIFT_ACTIVE_COMPILATION_CONDITIONS = "$(inherited)";
				SWIFT_SWIFT3_OBJC_INFERENCE = Default;
				SWIFT_VERSION = 4.2;
				TARGET_NAME = TimepieceTests;
			};
			name = Release;
		};
/* End XCBuildConfiguration section */

/* Begin XCConfigurationList section */
		OBJ_2 /* Build configuration list for PBXProject "Timepiece" */ = {
			isa = XCConfigurationList;
			buildConfigurations = (
				OBJ_3 /* Debug */,
				OBJ_4 /* Release */,
			);
			defaultConfigurationIsVisible = 0;
			defaultConfigurationName = Release;
		};
		OBJ_24 /* Build configuration list for PBXNativeTarget "Timepiece" */ = {
			isa = XCConfigurationList;
			buildConfigurations = (
				OBJ_25 /* Debug */,
				OBJ_26 /* Release */,
			);
			defaultConfigurationIsVisible = 0;
			defaultConfigurationName = Release;
		};
		OBJ_35 /* Build configuration list for PBXNativeTarget "TimepiecePackageDescription" */ = {
			isa = XCConfigurationList;
			buildConfigurations = (
				OBJ_36 /* Debug */,
				OBJ_37 /* Release */,
			);
			defaultConfigurationIsVisible = 0;
			defaultConfigurationName = Release;
		};
		OBJ_41 /* Build configuration list for PBXAggregateTarget "TimepiecePackageTests" */ = {
			isa = XCConfigurationList;
			buildConfigurations = (
				OBJ_42 /* Debug */,
				OBJ_43 /* Release */,
			);
			defaultConfigurationIsVisible = 0;
			defaultConfigurationName = Release;
		};
		OBJ_46 /* Build configuration list for PBXNativeTarget "TimepieceTests" */ = {
			isa = XCConfigurationList;
			buildConfigurations = (
				OBJ_47 /* Debug */,
				OBJ_48 /* Release */,
			);
			defaultConfigurationIsVisible = 0;
			defaultConfigurationName = Release;
		};
/* End XCConfigurationList section */
	};
	rootObject = OBJ_1 /* Project object */;
}
